
Microsoft Visual Studio Solution File, Format Version 12.00
# Visual Studio Version 17
VisualStudioVersion = 17.14.37027.9 d17.14
MinimumVisualStudioVersion = 10.0.40219.1
Project("{FAE04EC0-301F-11D3-BF4B-00C04F79EFBC}") = "PhoneBook", "PhoneBook.csproj", "{8D8CD8DC-07BC-479B-BB3E-6FAF8178625C}"
EndProject
Global
	GlobalSection(SolutionConfigurationPlatforms) = preSolution
		Debug|Any CPU = Debug|Any CPU
		Release|Any CPU = Release|Any CPU
	EndGlobalSection
	GlobalSection(ProjectConfigurationPlatforms) = postSolution
		{8D8CD8DC-07BC-479B-BB3E-6FAF8178625C}.Debug|Any CPU.ActiveCfg = Debug|Any CPU
		{8D8CD8DC-07BC-479B-BB3E-6FAF8178625C}.Debug|Any CPU.Build.0 = Debug|Any CPU
		{8D8CD8DC-07BC-479B-BB3E-6FAF8178625C}.Release|Any CPU.ActiveCfg = Release|Any CPU
		{8D8CD8DC-07BC-479B-BB3E-6FAF8178625C}.Release|Any CPU.Build.0 = Release|Any CPU
	EndGlobalSection
	GlobalSection(SolutionProperties) = preSolution
		HideSolutionNode = FALSE
	EndGlobalSection
	GlobalSection(ExtensibilityGlobals) = postSolution
		SolutionGuid = {1524D549-0711-460F-87BC-02BD732BF35C}
	EndGlobalSection
EndGlobal
